// !$*UTF8*$!
{
	archiveVersion = 1;
	classes = {
	};
	objectVersion = 50;
	objects = {

/* Begin PBXBuildFile section */
		17CEE33C224243F200BE2FEB /* RxAPI.framework in Frameworks */ = {isa = PBXBuildFile; fileRef = 17CEE332224243F200BE2FEB /* RxAPI.framework */; };
		17CEE36522424D7100BE2FEB /* RxSwift.framework in Frameworks */ = {isa = PBXBuildFile; fileRef = 17CEE36122424D7100BE2FEB /* RxSwift.framework */; };
		17CEE36622424D7100BE2FEB /* RxAtomic.framework in Frameworks */ = {isa = PBXBuildFile; fileRef = 17CEE36222424D7100BE2FEB /* RxAtomic.framework */; };
		17CEE36722424D7100BE2FEB /* RxCocoa.framework in Frameworks */ = {isa = PBXBuildFile; fileRef = 17CEE36322424D7100BE2FEB /* RxCocoa.framework */; };
		17CEE36822424D7100BE2FEB /* Result.framework in Frameworks */ = {isa = PBXBuildFile; fileRef = 17CEE36422424D7100BE2FEB /* Result.framework */; };
		17CEE36922424D8100BE2FEB /* Result.framework in Frameworks */ = {isa = PBXBuildFile; fileRef = 17CEE36422424D7100BE2FEB /* Result.framework */; };
		17CEE36A22424D8100BE2FEB /* RxAtomic.framework in Frameworks */ = {isa = PBXBuildFile; fileRef = 17CEE36222424D7100BE2FEB /* RxAtomic.framework */; };
		17CEE36B22424D8100BE2FEB /* RxCocoa.framework in Frameworks */ = {isa = PBXBuildFile; fileRef = 17CEE36322424D7100BE2FEB /* RxCocoa.framework */; };
		17CEE36C22424D8100BE2FEB /* RxSwift.framework in Frameworks */ = {isa = PBXBuildFile; fileRef = 17CEE36122424D7100BE2FEB /* RxSwift.framework */; };
		17CEE36F22424D8100BE2FEB /* RxBlocking.framework in Frameworks */ = {isa = PBXBuildFile; fileRef = 17CEE36D22424D8100BE2FEB /* RxBlocking.framework */; };
		17CEE37022424D8100BE2FEB /* RxTest.framework in Frameworks */ = {isa = PBXBuildFile; fileRef = 17CEE36E22424D8100BE2FEB /* RxTest.framework */; };
		17CEE3A22242638E00BE2FEB /* Nimble.framework in Frameworks */ = {isa = PBXBuildFile; fileRef = 17CEE3A12242638E00BE2FEB /* Nimble.framework */; };
		17E5955922498547005398EB /* RxAPI.framework in Frameworks */ = {isa = PBXBuildFile; fileRef = 17E5955022498547005398EB /* RxAPI.framework */; };
		17E595A822498610005398EB /* PluginType.swift in Sources */ = {isa = PBXBuildFile; fileRef = 17E5958C22498610005398EB /* PluginType.swift */; };
		17E595A922498610005398EB /* PluginType.swift in Sources */ = {isa = PBXBuildFile; fileRef = 17E5958C22498610005398EB /* PluginType.swift */; };
		17E595AA22498610005398EB /* HeadersInjector.swift in Sources */ = {isa = PBXBuildFile; fileRef = 17E5958D22498610005398EB /* HeadersInjector.swift */; };
		17E595AB22498610005398EB /* HeadersInjector.swift in Sources */ = {isa = PBXBuildFile; fileRef = 17E5958D22498610005398EB /* HeadersInjector.swift */; };
		17E595AC22498610005398EB /* Provider.swift in Sources */ = {isa = PBXBuildFile; fileRef = 17E5958F22498610005398EB /* Provider.swift */; };
		17E595AD22498610005398EB /* Provider.swift in Sources */ = {isa = PBXBuildFile; fileRef = 17E5958F22498610005398EB /* Provider.swift */; };
		17E595AE22498610005398EB /* API.swift in Sources */ = {isa = PBXBuildFile; fileRef = 17E5959122498610005398EB /* API.swift */; };
		17E595AF22498610005398EB /* API.swift in Sources */ = {isa = PBXBuildFile; fileRef = 17E5959122498610005398EB /* API.swift */; };
		17E595B022498610005398EB /* Cancelable.swift in Sources */ = {isa = PBXBuildFile; fileRef = 17E5959322498610005398EB /* Cancelable.swift */; };
		17E595B122498610005398EB /* Cancelable.swift in Sources */ = {isa = PBXBuildFile; fileRef = 17E5959322498610005398EB /* Cancelable.swift */; };
		17E595B222498610005398EB /* Encoding.swift in Sources */ = {isa = PBXBuildFile; fileRef = 17E5959422498610005398EB /* Encoding.swift */; };
		17E595B322498610005398EB /* Encoding.swift in Sources */ = {isa = PBXBuildFile; fileRef = 17E5959422498610005398EB /* Encoding.swift */; };
		17E595B422498610005398EB /* APIError.swift in Sources */ = {isa = PBXBuildFile; fileRef = 17E5959522498610005398EB /* APIError.swift */; };
		17E595B522498610005398EB /* APIError.swift in Sources */ = {isa = PBXBuildFile; fileRef = 17E5959522498610005398EB /* APIError.swift */; };
		17E595B622498610005398EB /* Target.swift in Sources */ = {isa = PBXBuildFile; fileRef = 17E5959622498610005398EB /* Target.swift */; };
		17E595B722498610005398EB /* Target.swift in Sources */ = {isa = PBXBuildFile; fileRef = 17E5959622498610005398EB /* Target.swift */; };
		17E595B822498610005398EB /* SharedRequest.swift in Sources */ = {isa = PBXBuildFile; fileRef = 17E5959722498610005398EB /* SharedRequest.swift */; };
		17E595B922498610005398EB /* SharedRequest.swift in Sources */ = {isa = PBXBuildFile; fileRef = 17E5959722498610005398EB /* SharedRequest.swift */; };
		17E595BA22498610005398EB /* Response.swift in Sources */ = {isa = PBXBuildFile; fileRef = 17E5959822498610005398EB /* Response.swift */; };
		17E595BB22498610005398EB /* Response.swift in Sources */ = {isa = PBXBuildFile; fileRef = 17E5959822498610005398EB /* Response.swift */; };
		17E595BC22498610005398EB /* Request.swift in Sources */ = {isa = PBXBuildFile; fileRef = 17E5959922498610005398EB /* Request.swift */; };
		17E595BD22498610005398EB /* Request.swift in Sources */ = {isa = PBXBuildFile; fileRef = 17E5959922498610005398EB /* Request.swift */; };
		17E595BE22498610005398EB /* Decodable.swift in Sources */ = {isa = PBXBuildFile; fileRef = 17E5959B22498610005398EB /* Decodable.swift */; };
		17E595BF22498610005398EB /* Decodable.swift in Sources */ = {isa = PBXBuildFile; fileRef = 17E5959B22498610005398EB /* Decodable.swift */; };
		17E595C022498610005398EB /* Rx.swift in Sources */ = {isa = PBXBuildFile; fileRef = 17E5959C22498610005398EB /* Rx.swift */; };
		17E595C122498610005398EB /* Rx.swift in Sources */ = {isa = PBXBuildFile; fileRef = 17E5959C22498610005398EB /* Rx.swift */; };
		17E595C222498610005398EB /* AnotherTestModelTarget.swift in Sources */ = {isa = PBXBuildFile; fileRef = 17E5959F22498610005398EB /* AnotherTestModelTarget.swift */; };
		17E595C322498610005398EB /* AnotherTestModelTarget.swift in Sources */ = {isa = PBXBuildFile; fileRef = 17E5959F22498610005398EB /* AnotherTestModelTarget.swift */; };
		17E595C422498610005398EB /* PostResourceTarget.swift in Sources */ = {isa = PBXBuildFile; fileRef = 17E595A022498610005398EB /* PostResourceTarget.swift */; };
		17E595C522498610005398EB /* PostResourceTarget.swift in Sources */ = {isa = PBXBuildFile; fileRef = 17E595A022498610005398EB /* PostResourceTarget.swift */; };
		17E595C622498610005398EB /* Service2.swift in Sources */ = {isa = PBXBuildFile; fileRef = 17E595A122498610005398EB /* Service2.swift */; };
		17E595C722498610005398EB /* Service2.swift in Sources */ = {isa = PBXBuildFile; fileRef = 17E595A122498610005398EB /* Service2.swift */; };
		17E595C822498610005398EB /* AnotherTestModel.swift in Sources */ = {isa = PBXBuildFile; fileRef = 17E595A222498610005398EB /* AnotherTestModel.swift */; };
		17E595C922498610005398EB /* AnotherTestModel.swift in Sources */ = {isa = PBXBuildFile; fileRef = 17E595A222498610005398EB /* AnotherTestModel.swift */; };
		17E595CA22498610005398EB /* TestModel.swift in Sources */ = {isa = PBXBuildFile; fileRef = 17E595A422498610005398EB /* TestModel.swift */; };
		17E595CB22498610005398EB /* TestModel.swift in Sources */ = {isa = PBXBuildFile; fileRef = 17E595A422498610005398EB /* TestModel.swift */; };
		17E595CC22498610005398EB /* TestModelTarget.swift in Sources */ = {isa = PBXBuildFile; fileRef = 17E595A522498610005398EB /* TestModelTarget.swift */; };
		17E595CD22498610005398EB /* TestModelTarget.swift in Sources */ = {isa = PBXBuildFile; fileRef = 17E595A522498610005398EB /* TestModelTarget.swift */; };
		17E595CE22498610005398EB /* Service1.swift in Sources */ = {isa = PBXBuildFile; fileRef = 17E595A622498610005398EB /* Service1.swift */; };
		17E595CF22498610005398EB /* Service1.swift in Sources */ = {isa = PBXBuildFile; fileRef = 17E595A622498610005398EB /* Service1.swift */; };
		17E595D022498610005398EB /* TestModelParametrisedTarget.swift in Sources */ = {isa = PBXBuildFile; fileRef = 17E595A722498610005398EB /* TestModelParametrisedTarget.swift */; };
		17E595D122498610005398EB /* TestModelParametrisedTarget.swift in Sources */ = {isa = PBXBuildFile; fileRef = 17E595A722498610005398EB /* TestModelParametrisedTarget.swift */; };
		17E595D62249861B005398EB /* RxAPIIntegrationTests.swift in Sources */ = {isa = PBXBuildFile; fileRef = 17E595D32249861B005398EB /* RxAPIIntegrationTests.swift */; };
		17E595D72249861B005398EB /* RxAPIIntegrationTests.swift in Sources */ = {isa = PBXBuildFile; fileRef = 17E595D32249861B005398EB /* RxAPIIntegrationTests.swift */; };
		17E595D82249861B005398EB /* Helpers.swift in Sources */ = {isa = PBXBuildFile; fileRef = 17E595D42249861B005398EB /* Helpers.swift */; };
		17E595D92249861B005398EB /* Helpers.swift in Sources */ = {isa = PBXBuildFile; fileRef = 17E595D42249861B005398EB /* Helpers.swift */; };
		17E595DA2249861B005398EB /* MockAPI.swift in Sources */ = {isa = PBXBuildFile; fileRef = 17E595D52249861B005398EB /* MockAPI.swift */; };
		17E595DB2249861B005398EB /* MockAPI.swift in Sources */ = {isa = PBXBuildFile; fileRef = 17E595D52249861B005398EB /* MockAPI.swift */; };
		17E595E422498953005398EB /* RxBlocking.framework in Frameworks */ = {isa = PBXBuildFile; fileRef = 17E595DD22498952005398EB /* RxBlocking.framework */; };
		17E595E522498953005398EB /* RxAtomic.framework in Frameworks */ = {isa = PBXBuildFile; fileRef = 17E595DE22498952005398EB /* RxAtomic.framework */; };
		17E595E622498953005398EB /* RxSwift.framework in Frameworks */ = {isa = PBXBuildFile; fileRef = 17E595DF22498952005398EB /* RxSwift.framework */; };
		17E595E722498953005398EB /* Result.framework in Frameworks */ = {isa = PBXBuildFile; fileRef = 17E595E022498952005398EB /* Result.framework */; };
		17E595E822498953005398EB /* RxCocoa.framework in Frameworks */ = {isa = PBXBuildFile; fileRef = 17E595E122498952005398EB /* RxCocoa.framework */; };
		17E595E922498953005398EB /* Nimble.framework in Frameworks */ = {isa = PBXBuildFile; fileRef = 17E595E222498953005398EB /* Nimble.framework */; };
		17E595EA22498953005398EB /* RxTest.framework in Frameworks */ = {isa = PBXBuildFile; fileRef = 17E595E322498953005398EB /* RxTest.framework */; };
/* End PBXBuildFile section */

/* Begin PBXContainerItemProxy section */
		17CEE33D224243F200BE2FEB /* PBXContainerItemProxy */ = {
			isa = PBXContainerItemProxy;
			containerPortal = 17CEE329224243F200BE2FEB /* Project object */;
			proxyType = 1;
			remoteGlobalIDString = 17CEE331224243F200BE2FEB;
			remoteInfo = RxAPI;
		};
		17E5955A22498547005398EB /* PBXContainerItemProxy */ = {
			isa = PBXContainerItemProxy;
			containerPortal = 17CEE329224243F200BE2FEB /* Project object */;
			proxyType = 1;
			remoteGlobalIDString = 17E5954F22498547005398EB;
			remoteInfo = "RxAPI-tvOS";
		};
/* End PBXContainerItemProxy section */

/* Begin PBXFileReference section */
		17CEE332224243F200BE2FEB /* RxAPI.framework */ = {isa = PBXFileReference; explicitFileType = wrapper.framework; includeInIndex = 0; path = RxAPI.framework; sourceTree = BUILT_PRODUCTS_DIR; };
		17CEE33B224243F200BE2FEB /* RxAPI-iOSTests.xctest */ = {isa = PBXFileReference; explicitFileType = wrapper.cfbundle; includeInIndex = 0; path = "RxAPI-iOSTests.xctest"; sourceTree = BUILT_PRODUCTS_DIR; };
		17CEE36122424D7100BE2FEB /* RxSwift.framework */ = {isa = PBXFileReference; lastKnownFileType = wrapper.framework; name = RxSwift.framework; path = Carthage/Build/iOS/RxSwift.framework; sourceTree = "<group>"; };
		17CEE36222424D7100BE2FEB /* RxAtomic.framework */ = {isa = PBXFileReference; lastKnownFileType = wrapper.framework; name = RxAtomic.framework; path = Carthage/Build/iOS/RxAtomic.framework; sourceTree = "<group>"; };
		17CEE36322424D7100BE2FEB /* RxCocoa.framework */ = {isa = PBXFileReference; lastKnownFileType = wrapper.framework; name = RxCocoa.framework; path = Carthage/Build/iOS/RxCocoa.framework; sourceTree = "<group>"; };
		17CEE36422424D7100BE2FEB /* Result.framework */ = {isa = PBXFileReference; lastKnownFileType = wrapper.framework; name = Result.framework; path = Carthage/Build/iOS/Result.framework; sourceTree = "<group>"; };
		17CEE36D22424D8100BE2FEB /* RxBlocking.framework */ = {isa = PBXFileReference; lastKnownFileType = wrapper.framework; name = RxBlocking.framework; path = Carthage/Build/iOS/RxBlocking.framework; sourceTree = "<group>"; };
		17CEE36E22424D8100BE2FEB /* RxTest.framework */ = {isa = PBXFileReference; lastKnownFileType = wrapper.framework; name = RxTest.framework; path = Carthage/Build/iOS/RxTest.framework; sourceTree = "<group>"; };
		17CEE3A12242638E00BE2FEB /* Nimble.framework */ = {isa = PBXFileReference; lastKnownFileType = wrapper.framework; name = Nimble.framework; path = Carthage/Build/iOS/Nimble.framework; sourceTree = "<group>"; };
		17E5955022498547005398EB /* RxAPI.framework */ = {isa = PBXFileReference; explicitFileType = wrapper.framework; includeInIndex = 0; path = RxAPI.framework; sourceTree = BUILT_PRODUCTS_DIR; };
		17E5955822498547005398EB /* RxAPI-tvOSTests.xctest */ = {isa = PBXFileReference; explicitFileType = wrapper.cfbundle; includeInIndex = 0; path = "RxAPI-tvOSTests.xctest"; sourceTree = BUILT_PRODUCTS_DIR; };
		17E5957E224985FA005398EB /* Info.plist */ = {isa = PBXFileReference; lastKnownFileType = text.plist.xml; path = Info.plist; sourceTree = "<group>"; };
		17E59581224985FA005398EB /* RxAPI.h */ = {isa = PBXFileReference; lastKnownFileType = sourcecode.c.h; path = RxAPI.h; sourceTree = "<group>"; };
		17E59582224985FA005398EB /* Info.plist */ = {isa = PBXFileReference; lastKnownFileType = text.plist.xml; path = Info.plist; sourceTree = "<group>"; };
		17E59585224985FA005398EB /* Info.plist */ = {isa = PBXFileReference; lastKnownFileType = text.plist.xml; path = Info.plist; sourceTree = "<group>"; };
		17E59588224985FA005398EB /* RxAPI_tvOS.h */ = {isa = PBXFileReference; lastKnownFileType = sourcecode.c.h; path = RxAPI_tvOS.h; sourceTree = "<group>"; };
		17E59589224985FA005398EB /* Info.plist */ = {isa = PBXFileReference; lastKnownFileType = text.plist.xml; path = Info.plist; sourceTree = "<group>"; };
		17E5958C22498610005398EB /* PluginType.swift */ = {isa = PBXFileReference; fileEncoding = 4; lastKnownFileType = sourcecode.swift; path = PluginType.swift; sourceTree = "<group>"; };
		17E5958D22498610005398EB /* HeadersInjector.swift */ = {isa = PBXFileReference; fileEncoding = 4; lastKnownFileType = sourcecode.swift; path = HeadersInjector.swift; sourceTree = "<group>"; };
		17E5958F22498610005398EB /* Provider.swift */ = {isa = PBXFileReference; fileEncoding = 4; lastKnownFileType = sourcecode.swift; path = Provider.swift; sourceTree = "<group>"; };
		17E5959122498610005398EB /* API.swift */ = {isa = PBXFileReference; fileEncoding = 4; lastKnownFileType = sourcecode.swift; path = API.swift; sourceTree = "<group>"; };
		17E5959322498610005398EB /* Cancelable.swift */ = {isa = PBXFileReference; fileEncoding = 4; lastKnownFileType = sourcecode.swift; path = Cancelable.swift; sourceTree = "<group>"; };
		17E5959422498610005398EB /* Encoding.swift */ = {isa = PBXFileReference; fileEncoding = 4; lastKnownFileType = sourcecode.swift; path = Encoding.swift; sourceTree = "<group>"; };
		17E5959522498610005398EB /* APIError.swift */ = {isa = PBXFileReference; fileEncoding = 4; lastKnownFileType = sourcecode.swift; path = APIError.swift; sourceTree = "<group>"; };
		17E5959622498610005398EB /* Target.swift */ = {isa = PBXFileReference; fileEncoding = 4; lastKnownFileType = sourcecode.swift; path = Target.swift; sourceTree = "<group>"; };
		17E5959722498610005398EB /* SharedRequest.swift */ = {isa = PBXFileReference; fileEncoding = 4; lastKnownFileType = sourcecode.swift; path = SharedRequest.swift; sourceTree = "<group>"; };
		17E5959822498610005398EB /* Response.swift */ = {isa = PBXFileReference; fileEncoding = 4; lastKnownFileType = sourcecode.swift; path = Response.swift; sourceTree = "<group>"; };
		17E5959922498610005398EB /* Request.swift */ = {isa = PBXFileReference; fileEncoding = 4; lastKnownFileType = sourcecode.swift; path = Request.swift; sourceTree = "<group>"; };
		17E5959B22498610005398EB /* Decodable.swift */ = {isa = PBXFileReference; fileEncoding = 4; lastKnownFileType = sourcecode.swift; path = Decodable.swift; sourceTree = "<group>"; };
		17E5959C22498610005398EB /* Rx.swift */ = {isa = PBXFileReference; fileEncoding = 4; lastKnownFileType = sourcecode.swift; path = Rx.swift; sourceTree = "<group>"; };
		17E5959F22498610005398EB /* AnotherTestModelTarget.swift */ = {isa = PBXFileReference; fileEncoding = 4; lastKnownFileType = sourcecode.swift; path = AnotherTestModelTarget.swift; sourceTree = "<group>"; };
		17E595A022498610005398EB /* PostResourceTarget.swift */ = {isa = PBXFileReference; fileEncoding = 4; lastKnownFileType = sourcecode.swift; path = PostResourceTarget.swift; sourceTree = "<group>"; };
		17E595A122498610005398EB /* Service2.swift */ = {isa = PBXFileReference; fileEncoding = 4; lastKnownFileType = sourcecode.swift; path = Service2.swift; sourceTree = "<group>"; };
		17E595A222498610005398EB /* AnotherTestModel.swift */ = {isa = PBXFileReference; fileEncoding = 4; lastKnownFileType = sourcecode.swift; path = AnotherTestModel.swift; sourceTree = "<group>"; };
		17E595A422498610005398EB /* TestModel.swift */ = {isa = PBXFileReference; fileEncoding = 4; lastKnownFileType = sourcecode.swift; path = TestModel.swift; sourceTree = "<group>"; };
		17E595A522498610005398EB /* TestModelTarget.swift */ = {isa = PBXFileReference; fileEncoding = 4; lastKnownFileType = sourcecode.swift; path = TestModelTarget.swift; sourceTree = "<group>"; };
		17E595A622498610005398EB /* Service1.swift */ = {isa = PBXFileReference; fileEncoding = 4; lastKnownFileType = sourcecode.swift; path = Service1.swift; sourceTree = "<group>"; };
		17E595A722498610005398EB /* TestModelParametrisedTarget.swift */ = {isa = PBXFileReference; fileEncoding = 4; lastKnownFileType = sourcecode.swift; path = TestModelParametrisedTarget.swift; sourceTree = "<group>"; };
		17E595D32249861B005398EB /* RxAPIIntegrationTests.swift */ = {isa = PBXFileReference; fileEncoding = 4; lastKnownFileType = sourcecode.swift; path = RxAPIIntegrationTests.swift; sourceTree = "<group>"; };
		17E595D42249861B005398EB /* Helpers.swift */ = {isa = PBXFileReference; fileEncoding = 4; lastKnownFileType = sourcecode.swift; path = Helpers.swift; sourceTree = "<group>"; };
		17E595D52249861B005398EB /* MockAPI.swift */ = {isa = PBXFileReference; fileEncoding = 4; lastKnownFileType = sourcecode.swift; path = MockAPI.swift; sourceTree = "<group>"; };
		17E595DD22498952005398EB /* RxBlocking.framework */ = {isa = PBXFileReference; lastKnownFileType = wrapper.framework; name = RxBlocking.framework; path = Carthage/Build/tvOS/RxBlocking.framework; sourceTree = "<group>"; };
		17E595DE22498952005398EB /* RxAtomic.framework */ = {isa = PBXFileReference; lastKnownFileType = wrapper.framework; name = RxAtomic.framework; path = Carthage/Build/tvOS/RxAtomic.framework; sourceTree = "<group>"; };
		17E595DF22498952005398EB /* RxSwift.framework */ = {isa = PBXFileReference; lastKnownFileType = wrapper.framework; name = RxSwift.framework; path = Carthage/Build/tvOS/RxSwift.framework; sourceTree = "<group>"; };
		17E595E022498952005398EB /* Result.framework */ = {isa = PBXFileReference; lastKnownFileType = wrapper.framework; name = Result.framework; path = Carthage/Build/tvOS/Result.framework; sourceTree = "<group>"; };
		17E595E122498952005398EB /* RxCocoa.framework */ = {isa = PBXFileReference; lastKnownFileType = wrapper.framework; name = RxCocoa.framework; path = Carthage/Build/tvOS/RxCocoa.framework; sourceTree = "<group>"; };
		17E595E222498953005398EB /* Nimble.framework */ = {isa = PBXFileReference; lastKnownFileType = wrapper.framework; name = Nimble.framework; path = Carthage/Build/tvOS/Nimble.framework; sourceTree = "<group>"; };
		17E595E322498953005398EB /* RxTest.framework */ = {isa = PBXFileReference; lastKnownFileType = wrapper.framework; name = RxTest.framework; path = Carthage/Build/tvOS/RxTest.framework; sourceTree = "<group>"; };
/* End PBXFileReference section */

/* Begin PBXFrameworksBuildPhase section */
		17CEE32F224243F200BE2FEB /* Frameworks */ = {
			isa = PBXFrameworksBuildPhase;
			buildActionMask = 2147483647;
			files = (
				17CEE36522424D7100BE2FEB /* RxSwift.framework in Frameworks */,
				17CEE36622424D7100BE2FEB /* RxAtomic.framework in Frameworks */,
				17CEE36722424D7100BE2FEB /* RxCocoa.framework in Frameworks */,
				17CEE36822424D7100BE2FEB /* Result.framework in Frameworks */,
			);
			runOnlyForDeploymentPostprocessing = 0;
		};
		17CEE338224243F200BE2FEB /* Frameworks */ = {
			isa = PBXFrameworksBuildPhase;
			buildActionMask = 2147483647;
			files = (
				17CEE3A22242638E00BE2FEB /* Nimble.framework in Frameworks */,
				17CEE36F22424D8100BE2FEB /* RxBlocking.framework in Frameworks */,
				17CEE37022424D8100BE2FEB /* RxTest.framework in Frameworks */,
				17CEE36922424D8100BE2FEB /* Result.framework in Frameworks */,
				17CEE36A22424D8100BE2FEB /* RxAtomic.framework in Frameworks */,
				17CEE36B22424D8100BE2FEB /* RxCocoa.framework in Frameworks */,
				17CEE36C22424D8100BE2FEB /* RxSwift.framework in Frameworks */,
				17CEE33C224243F200BE2FEB /* RxAPI.framework in Frameworks */,
			);
			runOnlyForDeploymentPostprocessing = 0;
		};
		17E5954D22498547005398EB /* Frameworks */ = {
			isa = PBXFrameworksBuildPhase;
			buildActionMask = 2147483647;
			files = (
			);
			runOnlyForDeploymentPostprocessing = 0;
		};
		17E5955522498547005398EB /* Frameworks */ = {
			isa = PBXFrameworksBuildPhase;
			buildActionMask = 2147483647;
			files = (
				17E595E922498953005398EB /* Nimble.framework in Frameworks */,
				17E595E422498953005398EB /* RxBlocking.framework in Frameworks */,
				17E595EA22498953005398EB /* RxTest.framework in Frameworks */,
				17E595E722498953005398EB /* Result.framework in Frameworks */,
				17E595E522498953005398EB /* RxAtomic.framework in Frameworks */,
				17E595E822498953005398EB /* RxCocoa.framework in Frameworks */,
				17E595E622498953005398EB /* RxSwift.framework in Frameworks */,
				17E5955922498547005398EB /* RxAPI.framework in Frameworks */,
			);
			runOnlyForDeploymentPostprocessing = 0;
		};
/* End PBXFrameworksBuildPhase section */

/* Begin PBXGroup section */
		17CEE328224243F200BE2FEB = {
			isa = PBXGroup;
			children = (
				17E5958A22498610005398EB /* Sources */,
				17E595D22249861B005398EB /* Tests */,
				17E5957F224985FA005398EB /* RxAPI-iOS */,
				17E59586224985FA005398EB /* RxAPI-tvOS */,
				17E59583224985FA005398EB /* RxAPI-iOSTests */,
				17E5957C224985FA005398EB /* RxAPI-tvOSTests */,
				17CEE333224243F200BE2FEB /* Products */,
				17CEE36022424D7100BE2FEB /* Frameworks */,
			);
			sourceTree = "<group>";
		};
		17CEE333224243F200BE2FEB /* Products */ = {
			isa = PBXGroup;
			children = (
				17CEE332224243F200BE2FEB /* RxAPI.framework */,
				17CEE33B224243F200BE2FEB /* RxAPI-iOSTests.xctest */,
				17E5955022498547005398EB /* RxAPI.framework */,
				17E5955822498547005398EB /* RxAPI-tvOSTests.xctest */,
			);
			name = Products;
			sourceTree = "<group>";
		};
		17CEE36022424D7100BE2FEB /* Frameworks */ = {
			isa = PBXGroup;
			children = (
				17E595E222498953005398EB /* Nimble.framework */,
				17E595E022498952005398EB /* Result.framework */,
				17E595DE22498952005398EB /* RxAtomic.framework */,
				17E595DD22498952005398EB /* RxBlocking.framework */,
				17E595E122498952005398EB /* RxCocoa.framework */,
				17E595DF22498952005398EB /* RxSwift.framework */,
				17E595E322498953005398EB /* RxTest.framework */,
				17CEE3A12242638E00BE2FEB /* Nimble.framework */,
				17CEE36D22424D8100BE2FEB /* RxBlocking.framework */,
				17CEE36E22424D8100BE2FEB /* RxTest.framework */,
				17CEE36422424D7100BE2FEB /* Result.framework */,
				17CEE36222424D7100BE2FEB /* RxAtomic.framework */,
				17CEE36322424D7100BE2FEB /* RxCocoa.framework */,
				17CEE36122424D7100BE2FEB /* RxSwift.framework */,
			);
			name = Frameworks;
			sourceTree = "<group>";
		};
		17E5957C224985FA005398EB /* RxAPI-tvOSTests */ = {
			isa = PBXGroup;
			children = (
				17E5957D224985FA005398EB /* SupportingFiles */,
			);
			path = "RxAPI-tvOSTests";
			sourceTree = "<group>";
		};
		17E5957D224985FA005398EB /* SupportingFiles */ = {
			isa = PBXGroup;
			children = (
				17E5957E224985FA005398EB /* Info.plist */,
			);
			path = SupportingFiles;
			sourceTree = "<group>";
		};
		17E5957F224985FA005398EB /* RxAPI-iOS */ = {
			isa = PBXGroup;
			children = (
				17E59580224985FA005398EB /* SupportingFiles */,
			);
			path = "RxAPI-iOS";
			sourceTree = "<group>";
		};
		17E59580224985FA005398EB /* SupportingFiles */ = {
			isa = PBXGroup;
			children = (
				17E59581224985FA005398EB /* RxAPI.h */,
				17E59582224985FA005398EB /* Info.plist */,
			);
			path = SupportingFiles;
			sourceTree = "<group>";
		};
		17E59583224985FA005398EB /* RxAPI-iOSTests */ = {
			isa = PBXGroup;
			children = (
				17E59584224985FA005398EB /* SupportingFiles */,
			);
			path = "RxAPI-iOSTests";
			sourceTree = "<group>";
		};
		17E59584224985FA005398EB /* SupportingFiles */ = {
			isa = PBXGroup;
			children = (
				17E59585224985FA005398EB /* Info.plist */,
			);
			path = SupportingFiles;
			sourceTree = "<group>";
		};
		17E59586224985FA005398EB /* RxAPI-tvOS */ = {
			isa = PBXGroup;
			children = (
				17E59587224985FA005398EB /* SupportingFiles */,
			);
			path = "RxAPI-tvOS";
			sourceTree = "<group>";
		};
		17E59587224985FA005398EB /* SupportingFiles */ = {
			isa = PBXGroup;
			children = (
				17E59588224985FA005398EB /* RxAPI_tvOS.h */,
				17E59589224985FA005398EB /* Info.plist */,
			);
			path = SupportingFiles;
			sourceTree = "<group>";
		};
		17E5958A22498610005398EB /* Sources */ = {
			isa = PBXGroup;
			children = (
				17E5958B22498610005398EB /* Plugins */,
				17E5958E22498610005398EB /* Provider */,
				17E5959022498610005398EB /* Facade */,
				17E5959222498610005398EB /* Models */,
				17E5959A22498610005398EB /* Extensions */,
				17E5959D22498610005398EB /* Services */,
			);
			path = Sources;
			sourceTree = "<group>";
		};
		17E5958B22498610005398EB /* Plugins */ = {
			isa = PBXGroup;
			children = (
				17E5958C22498610005398EB /* PluginType.swift */,
				17E5958D22498610005398EB /* HeadersInjector.swift */,
			);
			path = Plugins;
			sourceTree = "<group>";
		};
		17E5958E22498610005398EB /* Provider */ = {
			isa = PBXGroup;
			children = (
				17E5958F22498610005398EB /* Provider.swift */,
			);
			path = Provider;
			sourceTree = "<group>";
		};
		17E5959022498610005398EB /* Facade */ = {
			isa = PBXGroup;
			children = (
				17E5959122498610005398EB /* API.swift */,
			);
			path = Facade;
			sourceTree = "<group>";
		};
		17E5959222498610005398EB /* Models */ = {
			isa = PBXGroup;
			children = (
				17E5959322498610005398EB /* Cancelable.swift */,
				17E5959422498610005398EB /* Encoding.swift */,
				17E5959522498610005398EB /* APIError.swift */,
				17E5959622498610005398EB /* Target.swift */,
				17E5959722498610005398EB /* SharedRequest.swift */,
				17E5959822498610005398EB /* Response.swift */,
				17E5959922498610005398EB /* Request.swift */,
			);
			path = Models;
			sourceTree = "<group>";
		};
		17E5959A22498610005398EB /* Extensions */ = {
			isa = PBXGroup;
			children = (
				17E5959B22498610005398EB /* Decodable.swift */,
				17E5959C22498610005398EB /* Rx.swift */,
			);
			path = Extensions;
			sourceTree = "<group>";
		};
		17E5959D22498610005398EB /* Services */ = {
			isa = PBXGroup;
			children = (
				17E5959E22498610005398EB /* Service2 */,
				17E595A322498610005398EB /* Service1 */,
			);
			path = Services;
			sourceTree = "<group>";
		};
		17E5959E22498610005398EB /* Service2 */ = {
			isa = PBXGroup;
			children = (
				17E5959F22498610005398EB /* AnotherTestModelTarget.swift */,
				17E595A022498610005398EB /* PostResourceTarget.swift */,
				17E595A122498610005398EB /* Service2.swift */,
				17E595A222498610005398EB /* AnotherTestModel.swift */,
			);
			path = Service2;
			sourceTree = "<group>";
		};
		17E595A322498610005398EB /* Service1 */ = {
			isa = PBXGroup;
			children = (
				17E595A422498610005398EB /* TestModel.swift */,
				17E595A522498610005398EB /* TestModelTarget.swift */,
				17E595A622498610005398EB /* Service1.swift */,
				17E595A722498610005398EB /* TestModelParametrisedTarget.swift */,
			);
			path = Service1;
			sourceTree = "<group>";
		};
		17E595D22249861B005398EB /* Tests */ = {
			isa = PBXGroup;
			children = (
				17E595D32249861B005398EB /* RxAPIIntegrationTests.swift */,
				17E595D42249861B005398EB /* Helpers.swift */,
				17E595D52249861B005398EB /* MockAPI.swift */,
			);
			path = Tests;
			sourceTree = "<group>";
		};
/* End PBXGroup section */

/* Begin PBXHeadersBuildPhase section */
		17CEE32D224243F200BE2FEB /* Headers */ = {
			isa = PBXHeadersBuildPhase;
			buildActionMask = 2147483647;
			files = (
			);
			runOnlyForDeploymentPostprocessing = 0;
		};
		17E5954B22498547005398EB /* Headers */ = {
			isa = PBXHeadersBuildPhase;
			buildActionMask = 2147483647;
			files = (
			);
			runOnlyForDeploymentPostprocessing = 0;
		};
/* End PBXHeadersBuildPhase section */

/* Begin PBXNativeTarget section */
		17CEE331224243F200BE2FEB /* RxAPI-iOS */ = {
			isa = PBXNativeTarget;
			buildConfigurationList = 17CEE346224243F200BE2FEB /* Build configuration list for PBXNativeTarget "RxAPI-iOS" */;
			buildPhases = (
				17CEE32D224243F200BE2FEB /* Headers */,
				17CEE35E22424C2300BE2FEB /* Carthage */,
				17CEE32E224243F200BE2FEB /* Sources */,
				17CEE32F224243F200BE2FEB /* Frameworks */,
				17CEE330224243F200BE2FEB /* Resources */,
			);
			buildRules = (
			);
			dependencies = (
			);
			name = "RxAPI-iOS";
			productName = RxAPI;
			productReference = 17CEE332224243F200BE2FEB /* RxAPI.framework */;
			productType = "com.apple.product-type.framework";
		};
		17CEE33A224243F200BE2FEB /* RxAPI-iOSTests */ = {
			isa = PBXNativeTarget;
			buildConfigurationList = 17CEE349224243F200BE2FEB /* Build configuration list for PBXNativeTarget "RxAPI-iOSTests" */;
			buildPhases = (
				17CEE35F22424C9500BE2FEB /* Carthage */,
				17CEE337224243F200BE2FEB /* Sources */,
				17CEE338224243F200BE2FEB /* Frameworks */,
				17CEE339224243F200BE2FEB /* Resources */,
			);
			buildRules = (
			);
			dependencies = (
				17CEE33E224243F200BE2FEB /* PBXTargetDependency */,
			);
			name = "RxAPI-iOSTests";
			productName = RxAPITests;
			productReference = 17CEE33B224243F200BE2FEB /* RxAPI-iOSTests.xctest */;
			productType = "com.apple.product-type.bundle.unit-test";
		};
		17E5954F22498547005398EB /* RxAPI-tvOS */ = {
			isa = PBXNativeTarget;
			buildConfigurationList = 17E5956522498547005398EB /* Build configuration list for PBXNativeTarget "RxAPI-tvOS" */;
			buildPhases = (
				17E5954B22498547005398EB /* Headers */,
				17E5954C22498547005398EB /* Sources */,
				17E5954D22498547005398EB /* Frameworks */,
				17E5954E22498547005398EB /* Resources */,
			);
			buildRules = (
			);
			dependencies = (
			);
			name = "RxAPI-tvOS";
			productName = "RxAPI-tvOS";
			productReference = 17E5955022498547005398EB /* RxAPI.framework */;
			productType = "com.apple.product-type.framework";
		};
		17E5955722498547005398EB /* RxAPI-tvOSTests */ = {
			isa = PBXNativeTarget;
			buildConfigurationList = 17E5956622498547005398EB /* Build configuration list for PBXNativeTarget "RxAPI-tvOSTests" */;
			buildPhases = (
				17E595DC2249874E005398EB /* Carthage */,
				17E5955422498547005398EB /* Sources */,
				17E5955522498547005398EB /* Frameworks */,
				17E5955622498547005398EB /* Resources */,
			);
			buildRules = (
			);
			dependencies = (
				17E5955B22498547005398EB /* PBXTargetDependency */,
			);
			name = "RxAPI-tvOSTests";
			productName = "RxAPI-tvOSTests";
			productReference = 17E5955822498547005398EB /* RxAPI-tvOSTests.xctest */;
			productType = "com.apple.product-type.bundle.unit-test";
		};
/* End PBXNativeTarget section */

/* Begin PBXProject section */
		17CEE329224243F200BE2FEB /* Project object */ = {
			isa = PBXProject;
			attributes = {
				LastSwiftUpdateCheck = 1010;
				LastUpgradeCheck = 1010;
				ORGANIZATIONNAME = "Mihai Seremet";
				TargetAttributes = {
					17CEE331224243F200BE2FEB = {
						CreatedOnToolsVersion = 10.1;
						LastSwiftMigration = 1010;
					};
					17CEE33A224243F200BE2FEB = {
						CreatedOnToolsVersion = 10.1;
					};
					17E5954F22498547005398EB = {
						CreatedOnToolsVersion = 10.1;
					};
					17E5955722498547005398EB = {
						CreatedOnToolsVersion = 10.1;
					};
				};
			};
			buildConfigurationList = 17CEE32C224243F200BE2FEB /* Build configuration list for PBXProject "RxAPI" */;
			compatibilityVersion = "Xcode 9.3";
			developmentRegion = en;
			hasScannedForEncodings = 0;
			knownRegions = (
				en,
			);
			mainGroup = 17CEE328224243F200BE2FEB;
			productRefGroup = 17CEE333224243F200BE2FEB /* Products */;
			projectDirPath = "";
			projectRoot = "";
			targets = (
				17CEE331224243F200BE2FEB /* RxAPI-iOS */,
				17E5954F22498547005398EB /* RxAPI-tvOS */,
				17CEE33A224243F200BE2FEB /* RxAPI-iOSTests */,
				17E5955722498547005398EB /* RxAPI-tvOSTests */,
			);
		};
/* End PBXProject section */

/* Begin PBXResourcesBuildPhase section */
		17CEE330224243F200BE2FEB /* Resources */ = {
			isa = PBXResourcesBuildPhase;
			buildActionMask = 2147483647;
			files = (
			);
			runOnlyForDeploymentPostprocessing = 0;
		};
		17CEE339224243F200BE2FEB /* Resources */ = {
			isa = PBXResourcesBuildPhase;
			buildActionMask = 2147483647;
			files = (
			);
			runOnlyForDeploymentPostprocessing = 0;
		};
		17E5954E22498547005398EB /* Resources */ = {
			isa = PBXResourcesBuildPhase;
			buildActionMask = 2147483647;
			files = (
			);
			runOnlyForDeploymentPostprocessing = 0;
		};
		17E5955622498547005398EB /* Resources */ = {
			isa = PBXResourcesBuildPhase;
			buildActionMask = 2147483647;
			files = (
			);
			runOnlyForDeploymentPostprocessing = 0;
		};
/* End PBXResourcesBuildPhase section */

/* Begin PBXShellScriptBuildPhase section */
		17CEE35E22424C2300BE2FEB /* Carthage */ = {
			isa = PBXShellScriptBuildPhase;
			buildActionMask = 2147483647;
			files = (
			);
			inputFileListPaths = (
			);
			inputPaths = (
				"$(SRCROOT)/Carthage/Build/iOS/Result.framework",
				"$(SRCROOT)/Carthage/Build/iOS/RxAtomic.framework",
				"$(SRCROOT)/Carthage/Build/iOS/RxSwift.framework",
				"$(SRCROOT)/Carthage/Build/iOS/RxCocoa.framework",
			);
			name = Carthage;
			outputFileListPaths = (
			);
			outputPaths = (
				"$(BUILT_PRODUCTS_DIR)/$(FRAMEWORKS_FOLDER_PATH)/Result.framework",
				"$(BUILT_PRODUCTS_DIR)/$(FRAMEWORKS_FOLDER_PATH)/RxAtomic.framework",
				"$(BUILT_PRODUCTS_DIR)/$(FRAMEWORKS_FOLDER_PATH)/RxSwift.framework",
				"$(BUILT_PRODUCTS_DIR)/$(FRAMEWORKS_FOLDER_PATH)/RxCocoa.framework",
			);
			runOnlyForDeploymentPostprocessing = 0;
			shellPath = /bin/sh;
			shellScript = "/usr/local/bin/carthage copy-frameworks\n";
		};
		17CEE35F22424C9500BE2FEB /* Carthage */ = {
			isa = PBXShellScriptBuildPhase;
			buildActionMask = 2147483647;
			files = (
			);
			inputFileListPaths = (
			);
			inputPaths = (
				"$(SRCROOT)/Carthage/Build/iOS/Result.framework",
				"$(SRCROOT)/Carthage/Build/iOS/RxAtomic.framework",
				"$(SRCROOT)/Carthage/Build/iOS/RxSwift.framework",
				"$(SRCROOT)/Carthage/Build/iOS/RxCocoa.framework",
				"$(SRCROOT)/Carthage/Build/iOS/RxBlocking.framework",
				"$(SRCROOT)/Carthage/Build/iOS/RxTest.framework",
				"$(SRCROOT)/Carthage/Build/iOS/Nimble.framework",
			);
			name = Carthage;
			outputFileListPaths = (
			);
			outputPaths = (
				"$(BUILT_PRODUCTS_DIR)/$(FRAMEWORKS_FOLDER_PATH)/Result.framework",
				"$(BUILT_PRODUCTS_DIR)/$(FRAMEWORKS_FOLDER_PATH)/RxAtomic.framework",
				"$(BUILT_PRODUCTS_DIR)/$(FRAMEWORKS_FOLDER_PATH)/RxSwift.framework",
				"$(BUILT_PRODUCTS_DIR)/$(FRAMEWORKS_FOLDER_PATH)/RxCocoa.framework",
				"$(BUILT_PRODUCTS_DIR)/$(FRAMEWORKS_FOLDER_PATH)/RxBlocking.framework",
				"$(BUILT_PRODUCTS_DIR)/$(FRAMEWORKS_FOLDER_PATH)/RxTest.framework",
				"$(BUILT_PRODUCTS_DIR)/$(FRAMEWORKS_FOLDER_PATH)/Nimble.framework",
			);
			runOnlyForDeploymentPostprocessing = 0;
			shellPath = /bin/sh;
			shellScript = "/usr/local/bin/carthage copy-frameworks\n";
		};
		17E595DC2249874E005398EB /* Carthage */ = {
			isa = PBXShellScriptBuildPhase;
			buildActionMask = 2147483647;
			files = (
			);
			inputFileListPaths = (
			);
			inputPaths = (
				"$(SRCROOT)/Carthage/Build/tvOS/Result.framework",
				"$(SRCROOT)/Carthage/Build/tvOS/RxAtomic.framework",
				"$(SRCROOT)/Carthage/Build/tvOS/RxSwift.framework",
				"$(SRCROOT)/Carthage/Build/tvOS/RxCocoa.framework",
				"$(SRCROOT)/Carthage/Build/tvOS/RxBlocking.framework",
				"$(SRCROOT)/Carthage/Build/tvOS/RxTest.framework",
				"$(SRCROOT)/Carthage/Build/tvOS/Nimble.framework",
			);
			name = Carthage;
			outputFileListPaths = (
			);
			outputPaths = (
				"$(BUILT_PRODUCTS_DIR)/$(FRAMEWORKS_FOLDER_PATH)/Result.framework",
				"$(BUILT_PRODUCTS_DIR)/$(FRAMEWORKS_FOLDER_PATH)/RxAtomic.framework",
				"$(BUILT_PRODUCTS_DIR)/$(FRAMEWORKS_FOLDER_PATH)/RxSwift.framework",
				"$(BUILT_PRODUCTS_DIR)/$(FRAMEWORKS_FOLDER_PATH)/RxCocoa.framework",
				"$(BUILT_PRODUCTS_DIR)/$(FRAMEWORKS_FOLDER_PATH)/RxBlocking.framework",
				"$(BUILT_PRODUCTS_DIR)/$(FRAMEWORKS_FOLDER_PATH)/RxTest.framework",
				"$(BUILT_PRODUCTS_DIR)/$(FRAMEWORKS_FOLDER_PATH)/Nimble.framework",
			);
			runOnlyForDeploymentPostprocessing = 0;
			shellPath = /bin/sh;
			shellScript = "/usr/local/bin/carthage copy-frameworks\n";
		};
/* End PBXShellScriptBuildPhase section */

/* Begin PBXSourcesBuildPhase section */
		17CEE32E224243F200BE2FEB /* Sources */ = {
			isa = PBXSourcesBuildPhase;
			buildActionMask = 2147483647;
			files = (
				17E595C822498610005398EB /* AnotherTestModel.swift in Sources */,
				17E595B222498610005398EB /* Encoding.swift in Sources */,
				17E595B822498610005398EB /* SharedRequest.swift in Sources */,
				17E595CA22498610005398EB /* TestModel.swift in Sources */,
				17E595AA22498610005398EB /* HeadersInjector.swift in Sources */,
				17E595AC22498610005398EB /* Provider.swift in Sources */,
				17E595BC22498610005398EB /* Request.swift in Sources */,
				17E595BA22498610005398EB /* Response.swift in Sources */,
				17E595C222498610005398EB /* AnotherTestModelTarget.swift in Sources */,
				17E595AE22498610005398EB /* API.swift in Sources */,
				17E595C022498610005398EB /* Rx.swift in Sources */,
				17E595B022498610005398EB /* Cancelable.swift in Sources */,
				17E595A822498610005398EB /* PluginType.swift in Sources */,
				17E595BE22498610005398EB /* Decodable.swift in Sources */,
				17E595C622498610005398EB /* Service2.swift in Sources */,
				17E595CE22498610005398EB /* Service1.swift in Sources */,
				17E595B622498610005398EB /* Target.swift in Sources */,
				17E595D022498610005398EB /* TestModelParametrisedTarget.swift in Sources */,
				17E595CC22498610005398EB /* TestModelTarget.swift in Sources */,
				17E595B422498610005398EB /* APIError.swift in Sources */,
				17E595C422498610005398EB /* PostResourceTarget.swift in Sources */,
			);
			runOnlyForDeploymentPostprocessing = 0;
		};
		17CEE337224243F200BE2FEB /* Sources */ = {
			isa = PBXSourcesBuildPhase;
			buildActionMask = 2147483647;
			files = (
				17E595D62249861B005398EB /* RxAPIIntegrationTests.swift in Sources */,
				17E595DA2249861B005398EB /* MockAPI.swift in Sources */,
				17E595D82249861B005398EB /* Helpers.swift in Sources */,
			);
			runOnlyForDeploymentPostprocessing = 0;
		};
		17E5954C22498547005398EB /* Sources */ = {
			isa = PBXSourcesBuildPhase;
			buildActionMask = 2147483647;
			files = (
				17E595C922498610005398EB /* AnotherTestModel.swift in Sources */,
				17E595B322498610005398EB /* Encoding.swift in Sources */,
				17E595B922498610005398EB /* SharedRequest.swift in Sources */,
				17E595CB22498610005398EB /* TestModel.swift in Sources */,
				17E595AB22498610005398EB /* HeadersInjector.swift in Sources */,
				17E595AD22498610005398EB /* Provider.swift in Sources */,
				17E595BD22498610005398EB /* Request.swift in Sources */,
				17E595BB22498610005398EB /* Response.swift in Sources */,
				17E595C322498610005398EB /* AnotherTestModelTarget.swift in Sources */,
				17E595AF22498610005398EB /* API.swift in Sources */,
				17E595C122498610005398EB /* Rx.swift in Sources */,
				17E595B122498610005398EB /* Cancelable.swift in Sources */,
				17E595A922498610005398EB /* PluginType.swift in Sources */,
				17E595BF22498610005398EB /* Decodable.swift in Sources */,
				17E595C722498610005398EB /* Service2.swift in Sources */,
				17E595CF22498610005398EB /* Service1.swift in Sources */,
				17E595B722498610005398EB /* Target.swift in Sources */,
				17E595D122498610005398EB /* TestModelParametrisedTarget.swift in Sources */,
				17E595CD22498610005398EB /* TestModelTarget.swift in Sources */,
				17E595B522498610005398EB /* APIError.swift in Sources */,
				17E595C522498610005398EB /* PostResourceTarget.swift in Sources */,
			);
			runOnlyForDeploymentPostprocessing = 0;
		};
		17E5955422498547005398EB /* Sources */ = {
			isa = PBXSourcesBuildPhase;
			buildActionMask = 2147483647;
			files = (
				17E595D72249861B005398EB /* RxAPIIntegrationTests.swift in Sources */,
				17E595DB2249861B005398EB /* MockAPI.swift in Sources */,
				17E595D92249861B005398EB /* Helpers.swift in Sources */,
			);
			runOnlyForDeploymentPostprocessing = 0;
		};
/* End PBXSourcesBuildPhase section */

/* Begin PBXTargetDependency section */
		17CEE33E224243F200BE2FEB /* PBXTargetDependency */ = {
			isa = PBXTargetDependency;
			target = 17CEE331224243F200BE2FEB /* RxAPI-iOS */;
			targetProxy = 17CEE33D224243F200BE2FEB /* PBXContainerItemProxy */;
		};
		17E5955B22498547005398EB /* PBXTargetDependency */ = {
			isa = PBXTargetDependency;
			target = 17E5954F22498547005398EB /* RxAPI-tvOS */;
			targetProxy = 17E5955A22498547005398EB /* PBXContainerItemProxy */;
		};
/* End PBXTargetDependency section */

/* Begin XCBuildConfiguration section */
		17CEE344224243F200BE2FEB /* Debug */ = {
			isa = XCBuildConfiguration;
			buildSettings = {
				ALWAYS_SEARCH_USER_PATHS = NO;
				CLANG_ANALYZER_NONNULL = YES;
				CLANG_ANALYZER_NUMBER_OBJECT_CONVERSION = YES_AGGRESSIVE;
				CLANG_CXX_LANGUAGE_STANDARD = "gnu++14";
				CLANG_CXX_LIBRARY = "libc++";
				CLANG_ENABLE_MODULES = YES;
				CLANG_ENABLE_OBJC_ARC = YES;
				CLANG_ENABLE_OBJC_WEAK = YES;
				CLANG_WARN_BLOCK_CAPTURE_AUTORELEASING = YES;
				CLANG_WARN_BOOL_CONVERSION = YES;
				CLANG_WARN_COMMA = YES;
				CLANG_WARN_CONSTANT_CONVERSION = YES;
				CLANG_WARN_DEPRECATED_OBJC_IMPLEMENTATIONS = YES;
				CLANG_WARN_DIRECT_OBJC_ISA_USAGE = YES_ERROR;
				CLANG_WARN_DOCUMENTATION_COMMENTS = YES;
				CLANG_WARN_EMPTY_BODY = YES;
				CLANG_WARN_ENUM_CONVERSION = YES;
				CLANG_WARN_INFINITE_RECURSION = YES;
				CLANG_WARN_INT_CONVERSION = YES;
				CLANG_WARN_NON_LITERAL_NULL_CONVERSION = YES;
				CLANG_WARN_OBJC_IMPLICIT_RETAIN_SELF = YES;
				CLANG_WARN_OBJC_LITERAL_CONVERSION = YES;
				CLANG_WARN_OBJC_ROOT_CLASS = YES_ERROR;
				CLANG_WARN_RANGE_LOOP_ANALYSIS = YES;
				CLANG_WARN_STRICT_PROTOTYPES = YES;
				CLANG_WARN_SUSPICIOUS_MOVE = YES;
				CLANG_WARN_UNGUARDED_AVAILABILITY = YES_AGGRESSIVE;
				CLANG_WARN_UNREACHABLE_CODE = YES;
				CLANG_WARN__DUPLICATE_METHOD_MATCH = YES;
				CODE_SIGN_IDENTITY = "iPhone Developer";
				COPY_PHASE_STRIP = NO;
				CURRENT_PROJECT_VERSION = 1;
				DEBUG_INFORMATION_FORMAT = dwarf;
				ENABLE_STRICT_OBJC_MSGSEND = YES;
				ENABLE_TESTABILITY = YES;
				GCC_C_LANGUAGE_STANDARD = gnu11;
				GCC_DYNAMIC_NO_PIC = NO;
				GCC_NO_COMMON_BLOCKS = YES;
				GCC_OPTIMIZATION_LEVEL = 0;
				GCC_PREPROCESSOR_DEFINITIONS = (
					"DEBUG=1",
					"$(inherited)",
				);
				GCC_WARN_64_TO_32_BIT_CONVERSION = YES;
				GCC_WARN_ABOUT_RETURN_TYPE = YES_ERROR;
				GCC_WARN_UNDECLARED_SELECTOR = YES;
				GCC_WARN_UNINITIALIZED_AUTOS = YES_AGGRESSIVE;
				GCC_WARN_UNUSED_FUNCTION = YES;
				GCC_WARN_UNUSED_VARIABLE = YES;
				IPHONEOS_DEPLOYMENT_TARGET = 12.1;
				MTL_ENABLE_DEBUG_INFO = INCLUDE_SOURCE;
				MTL_FAST_MATH = YES;
				ONLY_ACTIVE_ARCH = YES;
				SDKROOT = iphoneos;
				SWIFT_ACTIVE_COMPILATION_CONDITIONS = DEBUG;
				SWIFT_OPTIMIZATION_LEVEL = "-Onone";
				VERSIONING_SYSTEM = "apple-generic";
				VERSION_INFO_PREFIX = "";
			};
			name = Debug;
		};
		17CEE345224243F200BE2FEB /* Release */ = {
			isa = XCBuildConfiguration;
			buildSettings = {
				ALWAYS_SEARCH_USER_PATHS = NO;
				CLANG_ANALYZER_NONNULL = YES;
				CLANG_ANALYZER_NUMBER_OBJECT_CONVERSION = YES_AGGRESSIVE;
				CLANG_CXX_LANGUAGE_STANDARD = "gnu++14";
				CLANG_CXX_LIBRARY = "libc++";
				CLANG_ENABLE_MODULES = YES;
				CLANG_ENABLE_OBJC_ARC = YES;
				CLANG_ENABLE_OBJC_WEAK = YES;
				CLANG_WARN_BLOCK_CAPTURE_AUTORELEASING = YES;
				CLANG_WARN_BOOL_CONVERSION = YES;
				CLANG_WARN_COMMA = YES;
				CLANG_WARN_CONSTANT_CONVERSION = YES;
				CLANG_WARN_DEPRECATED_OBJC_IMPLEMENTATIONS = YES;
				CLANG_WARN_DIRECT_OBJC_ISA_USAGE = YES_ERROR;
				CLANG_WARN_DOCUMENTATION_COMMENTS = YES;
				CLANG_WARN_EMPTY_BODY = YES;
				CLANG_WARN_ENUM_CONVERSION = YES;
				CLANG_WARN_INFINITE_RECURSION = YES;
				CLANG_WARN_INT_CONVERSION = YES;
				CLANG_WARN_NON_LITERAL_NULL_CONVERSION = YES;
				CLANG_WARN_OBJC_IMPLICIT_RETAIN_SELF = YES;
				CLANG_WARN_OBJC_LITERAL_CONVERSION = YES;
				CLANG_WARN_OBJC_ROOT_CLASS = YES_ERROR;
				CLANG_WARN_RANGE_LOOP_ANALYSIS = YES;
				CLANG_WARN_STRICT_PROTOTYPES = YES;
				CLANG_WARN_SUSPICIOUS_MOVE = YES;
				CLANG_WARN_UNGUARDED_AVAILABILITY = YES_AGGRESSIVE;
				CLANG_WARN_UNREACHABLE_CODE = YES;
				CLANG_WARN__DUPLICATE_METHOD_MATCH = YES;
				CODE_SIGN_IDENTITY = "iPhone Developer";
				COPY_PHASE_STRIP = NO;
				CURRENT_PROJECT_VERSION = 1;
				DEBUG_INFORMATION_FORMAT = "dwarf-with-dsym";
				ENABLE_NS_ASSERTIONS = NO;
				ENABLE_STRICT_OBJC_MSGSEND = YES;
				GCC_C_LANGUAGE_STANDARD = gnu11;
				GCC_NO_COMMON_BLOCKS = YES;
				GCC_WARN_64_TO_32_BIT_CONVERSION = YES;
				GCC_WARN_ABOUT_RETURN_TYPE = YES_ERROR;
				GCC_WARN_UNDECLARED_SELECTOR = YES;
				GCC_WARN_UNINITIALIZED_AUTOS = YES_AGGRESSIVE;
				GCC_WARN_UNUSED_FUNCTION = YES;
				GCC_WARN_UNUSED_VARIABLE = YES;
				IPHONEOS_DEPLOYMENT_TARGET = 12.1;
				MTL_ENABLE_DEBUG_INFO = NO;
				MTL_FAST_MATH = YES;
				SDKROOT = iphoneos;
				SWIFT_COMPILATION_MODE = wholemodule;
				SWIFT_OPTIMIZATION_LEVEL = "-O";
				VALIDATE_PRODUCT = YES;
				VERSIONING_SYSTEM = "apple-generic";
				VERSION_INFO_PREFIX = "";
			};
			name = Release;
		};
		17CEE347224243F200BE2FEB /* Debug */ = {
			isa = XCBuildConfiguration;
			buildSettings = {
				CLANG_ENABLE_MODULES = YES;
				CODE_SIGN_IDENTITY = "";
				CODE_SIGN_STYLE = Automatic;
				DEFINES_MODULE = YES;
				DEVELOPMENT_TEAM = YMQZJ4527A;
				DYLIB_COMPATIBILITY_VERSION = 1;
				DYLIB_CURRENT_VERSION = 1;
				DYLIB_INSTALL_NAME_BASE = "@rpath";
				FRAMEWORK_SEARCH_PATHS = (
					"$(inherited)",
					"$(PROJECT_DIR)/Carthage/Build/iOS",
				);
				INFOPLIST_FILE = "RxAPI-iOS/SupportingFiles/Info.plist";
				INSTALL_PATH = "$(LOCAL_LIBRARY_DIR)/Frameworks";
				LD_RUNPATH_SEARCH_PATHS = (
					"$(inherited)",
					"@executable_path/Frameworks",
					"@loader_path/Frameworks",
				);
				PRODUCT_BUNDLE_IDENTIFIER = com.mseremet.RxAPI;
				PRODUCT_NAME = RxAPI;
				SKIP_INSTALL = YES;
				SWIFT_OPTIMIZATION_LEVEL = "-Onone";
				SWIFT_VERSION = 4.2;
				TARGETED_DEVICE_FAMILY = "1,2";
			};
			name = Debug;
		};
		17CEE348224243F200BE2FEB /* Release */ = {
			isa = XCBuildConfiguration;
			buildSettings = {
				CLANG_ENABLE_MODULES = YES;
				CODE_SIGN_IDENTITY = "";
				CODE_SIGN_STYLE = Automatic;
				DEFINES_MODULE = YES;
				DEVELOPMENT_TEAM = YMQZJ4527A;
				DYLIB_COMPATIBILITY_VERSION = 1;
				DYLIB_CURRENT_VERSION = 1;
				DYLIB_INSTALL_NAME_BASE = "@rpath";
				FRAMEWORK_SEARCH_PATHS = (
					"$(inherited)",
					"$(PROJECT_DIR)/Carthage/Build/iOS",
				);
				INFOPLIST_FILE = "RxAPI-iOS/SupportingFiles/Info.plist";
				INSTALL_PATH = "$(LOCAL_LIBRARY_DIR)/Frameworks";
				LD_RUNPATH_SEARCH_PATHS = (
					"$(inherited)",
					"@executable_path/Frameworks",
					"@loader_path/Frameworks",
				);
				PRODUCT_BUNDLE_IDENTIFIER = com.mseremet.RxAPI;
				PRODUCT_NAME = RxAPI;
				SKIP_INSTALL = YES;
				SWIFT_VERSION = 4.2;
				TARGETED_DEVICE_FAMILY = "1,2";
			};
			name = Release;
		};
		17CEE34A224243F200BE2FEB /* Debug */ = {
			isa = XCBuildConfiguration;
			buildSettings = {
				ALWAYS_EMBED_SWIFT_STANDARD_LIBRARIES = YES;
				CODE_SIGN_STYLE = Automatic;
				DEVELOPMENT_TEAM = YMQZJ4527A;
				FRAMEWORK_SEARCH_PATHS = (
					"$(inherited)",
					"$(PROJECT_DIR)/Carthage/Build/iOS",
				);
				INFOPLIST_FILE = "RxAPI-iOSTests/SupportingFiles/Info.plist";
				LD_RUNPATH_SEARCH_PATHS = (
					"$(inherited)",
					"@executable_path/Frameworks",
					"@loader_path/Frameworks",
				);
				PRODUCT_BUNDLE_IDENTIFIER = com.mseremet.RxAPITests;
				PRODUCT_NAME = "$(TARGET_NAME)";
				SWIFT_VERSION = 4.2;
				TARGETED_DEVICE_FAMILY = "1,2";
			};
			name = Debug;
		};
		17CEE34B224243F200BE2FEB /* Release */ = {
			isa = XCBuildConfiguration;
			buildSettings = {
				ALWAYS_EMBED_SWIFT_STANDARD_LIBRARIES = YES;
				CODE_SIGN_STYLE = Automatic;
				DEVELOPMENT_TEAM = YMQZJ4527A;
				FRAMEWORK_SEARCH_PATHS = (
					"$(inherited)",
					"$(PROJECT_DIR)/Carthage/Build/iOS",
				);
				INFOPLIST_FILE = "RxAPI-iOSTests/SupportingFiles/Info.plist";
				LD_RUNPATH_SEARCH_PATHS = (
					"$(inherited)",
					"@executable_path/Frameworks",
					"@loader_path/Frameworks",
				);
				PRODUCT_BUNDLE_IDENTIFIER = com.mseremet.RxAPITests;
				PRODUCT_NAME = "$(TARGET_NAME)";
				SWIFT_VERSION = 4.2;
				TARGETED_DEVICE_FAMILY = "1,2";
			};
			name = Release;
		};
		17E5956122498547005398EB /* Debug */ = {
			isa = XCBuildConfiguration;
			buildSettings = {
				CODE_SIGN_IDENTITY = "";
				CODE_SIGN_STYLE = Automatic;
				DEFINES_MODULE = YES;
				DEVELOPMENT_TEAM = YMQZJ4527A;
				DYLIB_COMPATIBILITY_VERSION = 1;
				DYLIB_CURRENT_VERSION = 1;
				DYLIB_INSTALL_NAME_BASE = "@rpath";
				FRAMEWORK_SEARCH_PATHS = "$(PROJECT_DIR)/Carthage/Build/tvOS";
				INFOPLIST_FILE = "RxAPI-tvOS/SupportingFiles/Info.plist";
				INSTALL_PATH = "$(LOCAL_LIBRARY_DIR)/Frameworks";
				LD_RUNPATH_SEARCH_PATHS = (
					"$(inherited)",
					"@executable_path/Frameworks",
					"@loader_path/Frameworks",
				);
				PRODUCT_BUNDLE_IDENTIFIER = "com.mseremet.RxAPI-tvOS";
				PRODUCT_NAME = RxAPI;
				SDKROOT = appletvos;
				SKIP_INSTALL = YES;
				SWIFT_VERSION = 4.2;
				TARGETED_DEVICE_FAMILY = 3;
				TVOS_DEPLOYMENT_TARGET = 12.1;
			};
			name = Debug;
		};
		17E5956222498547005398EB /* Release */ = {
			isa = XCBuildConfiguration;
			buildSettings = {
				CODE_SIGN_IDENTITY = "";
				CODE_SIGN_STYLE = Automatic;
				DEFINES_MODULE = YES;
				DEVELOPMENT_TEAM = YMQZJ4527A;
				DYLIB_COMPATIBILITY_VERSION = 1;
				DYLIB_CURRENT_VERSION = 1;
				DYLIB_INSTALL_NAME_BASE = "@rpath";
				FRAMEWORK_SEARCH_PATHS = "$(PROJECT_DIR)/Carthage/Build/tvOS";
				INFOPLIST_FILE = "RxAPI-tvOS/SupportingFiles/Info.plist";
				INSTALL_PATH = "$(LOCAL_LIBRARY_DIR)/Frameworks";
				LD_RUNPATH_SEARCH_PATHS = (
					"$(inherited)",
					"@executable_path/Frameworks",
					"@loader_path/Frameworks",
				);
				PRODUCT_BUNDLE_IDENTIFIER = "com.mseremet.RxAPI-tvOS";
				PRODUCT_NAME = RxAPI;
				SDKROOT = appletvos;
				SKIP_INSTALL = YES;
				SWIFT_VERSION = 4.2;
				TARGETED_DEVICE_FAMILY = 3;
				TVOS_DEPLOYMENT_TARGET = 12.1;
			};
			name = Release;
		};
		17E5956322498547005398EB /* Debug */ = {
			isa = XCBuildConfiguration;
			buildSettings = {
				ALWAYS_EMBED_SWIFT_STANDARD_LIBRARIES = YES;
				CODE_SIGN_STYLE = Automatic;
				DEVELOPMENT_TEAM = YMQZJ4527A;
				FRAMEWORK_SEARCH_PATHS = (
					"$(inherited)",
					"$(PROJECT_DIR)/Carthage/Build/tvOS",
				);
				INFOPLIST_FILE = "RxAPI-tvOSTests/SupportingFiles/Info.plist";
				LD_RUNPATH_SEARCH_PATHS = (
					"$(inherited)",
					"@executable_path/Frameworks",
					"@loader_path/Frameworks",
				);
				PRODUCT_BUNDLE_IDENTIFIER = "com.mseremet.RxAPI-tvOSTests";
				PRODUCT_NAME = "$(TARGET_NAME)";
				SDKROOT = appletvos;
				SWIFT_VERSION = 4.2;
				TARGETED_DEVICE_FAMILY = 3;
				TVOS_DEPLOYMENT_TARGET = 12.1;
			};
			name = Debug;
		};
		17E5956422498547005398EB /* Release */ = {
			isa = XCBuildConfiguration;
			buildSettings = {
				ALWAYS_EMBED_SWIFT_STANDARD_LIBRARIES = YES;
				CODE_SIGN_STYLE = Automatic;
				DEVELOPMENT_TEAM = YMQZJ4527A;
				FRAMEWORK_SEARCH_PATHS = (
					"$(inherited)",
					"$(PROJECT_DIR)/Carthage/Build/tvOS",
				);
				INFOPLIST_FILE = "RxAPI-tvOSTests/SupportingFiles/Info.plist";
				LD_RUNPATH_SEARCH_PATHS = (
					"$(inherited)",
					"@executable_path/Frameworks",
					"@loader_path/Frameworks",
				);
				PRODUCT_BUNDLE_IDENTIFIER = "com.mseremet.RxAPI-tvOSTests";
				PRODUCT_NAME = "$(TARGET_NAME)";
				SDKROOT = appletvos;
				SWIFT_VERSION = 4.2;
				TARGETED_DEVICE_FAMILY = 3;
				TVOS_DEPLOYMENT_TARGET = 12.1;
			};
			name = Release;
		};
/* End XCBuildConfiguration section */

/* Begin XCConfigurationList section */
		17CEE32C224243F200BE2FEB /* Build configuration list for PBXProject "RxAPI" */ = {
			isa = XCConfigurationList;
			buildConfigurations = (
				17CEE344224243F200BE2FEB /* Debug */,
				17CEE345224243F200BE2FEB /* Release */,
			);
			defaultConfigurationIsVisible = 0;
			defaultConfigurationName = Release;
		};
		17CEE346224243F200BE2FEB /* Build configuration list for PBXNativeTarget "RxAPI-iOS" */ = {
			isa = XCConfigurationList;
			buildConfigurations = (
				17CEE347224243F200BE2FEB /* Debug */,
				17CEE348224243F200BE2FEB /* Release */,
			);
			defaultConfigurationIsVisible = 0;
			defaultConfigurationName = Release;
		};
		17CEE349224243F200BE2FEB /* Build configuration list for PBXNativeTarget "RxAPI-iOSTests" */ = {
			isa = XCConfigurationList;
			buildConfigurations = (
				17CEE34A224243F200BE2FEB /* Debug */,
				17CEE34B224243F200BE2FEB /* Release */,
			);
			defaultConfigurationIsVisible = 0;
			defaultConfigurationName = Release;
		};
		17E5956522498547005398EB /* Build configuration list for PBXNativeTarget "RxAPI-tvOS" */ = {
			isa = XCConfigurationList;
			buildConfigurations = (
				17E5956122498547005398EB /* Debug */,
				17E5956222498547005398EB /* Release */,
			);
			defaultConfigurationIsVisible = 0;
			defaultConfigurationName = Release;
		};
		17E5956622498547005398EB /* Build configuration list for PBXNativeTarget "RxAPI-tvOSTests" */ = {
			isa = XCConfigurationList;
			buildConfigurations = (
				17E5956322498547005398EB /* Debug */,
				17E5956422498547005398EB /* Release */,
			);
			defaultConfigurationIsVisible = 0;
			defaultConfigurationName = Release;
		};
/* End XCConfigurationList section */
	};
	rootObject = 17CEE329224243F200BE2FEB /* Project object */;
}
